Microsoft Visual Studio Solution File, Format Version 12.00
# Visual Studio Version 17
VisualStudioVersion = 17.0.31903.59
MinimumVisualStudioVersion = 10.0.40219.1
Project("{2150E333-8FDC-42A3-9474-1A3956D46DE8}") = "backend", "backend", "{1AE8ACA6-933B-BF2A-3671-3E2EAC007D16}"
EndProject
Project("{FAE04EC0-301F-11D3-BF4B-00C04F79EFBC}") = "LeoGRpcApi.Api.Core", "backend\LeoGRpcApi.Api.Core\LeoGRpcApi.Api.Core.csproj", "{149F397A-9FA5-4986-8C1C-056D30DF1EF8}"
EndProject
Project("{FAE04EC0-301F-11D3-BF4B-00C04F79EFBC}") = "LeoGRpcApi.Api.Persistence", "backend\LeoGRpcApi.Api.Persistence\LeoGRpcApi.Api.Persistence.csproj", "{A57B9DB2-34CA-42B4-A149-5633CBC8BA82}"
EndProject
Project("{FAE04EC0-301F-11D3-BF4B-00C04F79EFBC}") = "LeoGRpcApi.Api.Shared", "backend\LeoGRpcApi.Api.Shared\LeoGRpcApi.Api.Shared.csproj", "{B7CCCFDB-0C19-443C-A7B8-701EF2EFAF10}"
EndProject
Project("{FAE04EC0-301F-11D3-BF4B-00C04F79EFBC}") = "LeoGRpcApi.Api.Test", "backend\LeoGRpcApi.Api.Test\LeoGRpcApi.Api.Test.csproj", "{98CC3E80-3A8B-4D75-9224-F4E9C7FB0545}"
EndProject
Project("{FAE04EC0-301F-11D3-BF4B-00C04F79EFBC}") = "LeoGRpcApi.Api.TestInt", "backend\LeoGRpcApi.Api.TestInt\LeoGRpcApi.Api.TestInt.csproj", "{C4CBA843-53B3-48C9-9F77-847086A0E928}"
EndProject
Project("{FAE04EC0-301F-11D3-BF4B-00C04F79EFBC}") = "LeoGRpcApi.Api", "backend\LeoGRpcApi.Api\LeoGRpcApi.Api.csproj", "{D6C41138-7E06-4F3F-A972-E2A234D73F0C}"
EndProject
Project("{2150E333-8FDC-42A3-9474-1A3956D46DE8}") = "frontend", "frontend", "{CE609670-85B9-0D16-FB54-ED063D5D8A6D}"
EndProject
Project("{2150E333-8FDC-42A3-9474-1A3956D46DE8}") = "shared", "shared", "{42E2E040-65CB-4E3B-B083-47236724FACD}"
	ProjectSection(SolutionItems) = preProject
		shared\contract.proto = shared\contract.proto
	EndProjectSection
EndProject
Project("{FAE04EC0-301F-11D3-BF4B-00C04F79EFBC}") = "LeoGRpcApi.Shared.ApiContract", "shared\LeoGRpcApi.Shared.ApiContract\LeoGRpcApi.Shared.ApiContract.csproj", "{FDBE72CF-DC11-4B52-AB9B-68FB2307ED16}"
EndProject
Project("{FAE04EC0-301F-11D3-BF4B-00C04F79EFBC}") = "LeoGRpcApi.Client.Core", "frontend\LeoGRpcApi.Client.Core\LeoGRpcApi.Client.Core.csproj", "{FBA391E1-D1F2-4D33-B53D-34E96FD3BDBF}"
EndProject
Project("{FAE04EC0-301F-11D3-BF4B-00C04F79EFBC}") = "LeoGRpcApi.Client", "frontend\LeoGRpcApi.Client\LeoGRpcApi.Client.csproj", "{C1EBBB05-D35B-4E06-97ED-0EC876C00F3A}"
EndProject
Global
	GlobalSection(SolutionConfigurationPlatforms) = preSolution
		Debug|Any CPU = Debug|Any CPU
		Debug|x64 = Debug|x64
		Debug|x86 = Debug|x86
		Release|Any CPU = Release|Any CPU
		Release|x64 = Release|x64
		Release|x86 = Release|x86
	EndGlobalSection
	GlobalSection(ProjectConfigurationPlatforms) = postSolution
		{149F397A-9FA5-4986-8C1C-056D30DF1EF8}.Debug|Any CPU.ActiveCfg = Debug|Any CPU
		{149F397A-9FA5-4986-8C1C-056D30DF1EF8}.Debug|Any CPU.Build.0 = Debug|Any CPU
		{149F397A-9FA5-4986-8C1C-056D30DF1EF8}.Debug|x64.ActiveCfg = Debug|Any CPU
		{149F397A-9FA5-4986-8C1C-056D30DF1EF8}.Debug|x64.Build.0 = Debug|Any CPU
		{149F397A-9FA5-4986-8C1C-056D30DF1EF8}.Debug|x86.ActiveCfg = Debug|Any CPU
		{149F397A-9FA5-4986-8C1C-056D30DF1EF8}.Debug|x86.Build.0 = Debug|Any CPU
		{149F397A-9FA5-4986-8C1C-056D30DF1EF8}.Release|Any CPU.ActiveCfg = Release|Any CPU
		{149F397A-9FA5-4986-8C1C-056D30DF1EF8}.Release|Any CPU.Build.0 = Release|Any CPU
		{149F397A-9FA5-4986-8C1C-056D30DF1EF8}.Release|x64.ActiveCfg = Release|Any CPU
		{149F397A-9FA5-4986-8C1C-056D30DF1EF8}.Release|x64.Build.0 = Release|Any CPU
		{149F397A-9FA5-4986-8C1C-056D30DF1EF8}.Release|x86.ActiveCfg = Release|Any CPU
		{149F397A-9FA5-4986-8C1C-056D30DF1EF8}.Release|x86.Build.0 = Release|Any CPU
		{A57B9DB2-34CA-42B4-A149-5633CBC8BA82}.Debug|Any CPU.ActiveCfg = Debug|Any CPU
		{A57B9DB2-34CA-42B4-A149-5633CBC8BA82}.Debug|Any CPU.Build.0 = Debug|Any CPU
		{A57B9DB2-34CA-42B4-A149-5633CBC8BA82}.Debug|x64.ActiveCfg = Debug|Any CPU
		{A57B9DB2-34CA-42B4-A149-5633CBC8BA82}.Debug|x64.Build.0 = Debug|Any CPU
		{A57B9DB2-34CA-42B4-A149-5633CBC8BA82}.Debug|x86.ActiveCfg = Debug|Any CPU
		{A57B9DB2-34CA-42B4-A149-5633CBC8BA82}.Debug|x86.Build.0 = Debug|Any CPU
		{A57B9DB2-34CA-42B4-A149-5633CBC8BA82}.Release|Any CPU.ActiveCfg = Release|Any CPU
		{A57B9DB2-34CA-42B4-A149-5633CBC8BA82}.Release|Any CPU.Build.0 = Release|Any CPU
		{A57B9DB2-34CA-42B4-A149-5633CBC8BA82}.Release|x64.ActiveCfg = Release|Any CPU
		{A57B9DB2-34CA-42B4-A149-5633CBC8BA82}.Release|x64.Build.0 = Release|Any CPU
		{A57B9DB2-34CA-42B4-A149-5633CBC8BA82}.Release|x86.ActiveCfg = Release|Any CPU
		{A57B9DB2-34CA-42B4-A149-5633CBC8BA82}.Release|x86.Build.0 = Release|Any CPU
		{B7CCCFDB-0C19-443C-A7B8-701EF2EFAF10}.Debug|Any CPU.ActiveCfg = Debug|Any CPU
		{B7CCCFDB-0C19-443C-A7B8-701EF2EFAF10}.Debug|Any CPU.Build.0 = Debug|Any CPU
		{B7CCCFDB-0C19-443C-A7B8-701EF2EFAF10}.Debug|x64.ActiveCfg = Debug|Any CPU
		{B7CCCFDB-0C19-443C-A7B8-701EF2EFAF10}.Debug|x64.Build.0 = Debug|Any CPU
		{B7CCCFDB-0C19-443C-A7B8-701EF2EFAF10}.Debug|x86.ActiveCfg = Debug|Any CPU
		{B7CCCFDB-0C19-443C-A7B8-701EF2EFAF10}.Debug|x86.Build.0 = Debug|Any CPU
		{B7CCCFDB-0C19-443C-A7B8-701EF2EFAF10}.Release|Any CPU.ActiveCfg = Release|Any CPU
		{B7CCCFDB-0C19-443C-A7B8-701EF2EFAF10}.Release|Any CPU.Build.0 = Release|Any CPU
		{B7CCCFDB-0C19-443C-A7B8-701EF2EFAF10}.Release|x64.ActiveCfg = Release|Any CPU
		{B7CCCFDB-0C19-443C-A7B8-701EF2EFAF10}.Release|x64.Build.0 = Release|Any CPU
		{B7CCCFDB-0C19-443C-A7B8-701EF2EFAF10}.Release|x86.ActiveCfg = Release|Any CPU
		{B7CCCFDB-0C19-443C-A7B8-701EF2EFAF10}.Release|x86.Build.0 = Release|Any CPU
		{98CC3E80-3A8B-4D75-9224-F4E9C7FB0545}.Debug|Any CPU.ActiveCfg = Debug|Any CPU
		{98CC3E80-3A8B-4D75-9224-F4E9C7FB0545}.Debug|Any CPU.Build.0 = Debug|Any CPU
		{98CC3E80-3A8B-4D75-9224-F4E9C7FB0545}.Debug|x64.ActiveCfg = Debug|Any CPU
		{98CC3E80-3A8B-4D75-9224-F4E9C7FB0545}.Debug|x64.Build.0 = Debug|Any CPU
		{98CC3E80-3A8B-4D75-9224-F4E9C7FB0545}.Debug|x86.ActiveCfg = Debug|Any CPU
		{98CC3E80-3A8B-4D75-9224-F4E9C7FB0545}.Debug|x86.Build.0 = Debug|Any CPU
		{98CC3E80-3A8B-4D75-9224-F4E9C7FB0545}.Release|Any CPU.ActiveCfg = Release|Any CPU
		{98CC3E80-3A8B-4D75-9224-F4E9C7FB0545}.Release|Any CPU.Build.0 = Release|Any CPU
		{98CC3E80-3A8B-4D75-9224-F4E9C7FB0545}.Release|x64.ActiveCfg = Release|Any CPU
		{98CC3E80-3A8B-4D75-9224-F4E9C7FB0545}.Release|x64.Build.0 = Release|Any CPU
		{98CC3E80-3A8B-4D75-9224-F4E9C7FB0545}.Release|x86.ActiveCfg = Release|Any CPU
		{98CC3E80-3A8B-4D75-9224-F4E9C7FB0545}.Release|x86.Build.0 = Release|Any CPU
		{C4CBA843-53B3-48C9-9F77-847086A0E928}.Debug|Any CPU.ActiveCfg = Debug|Any CPU
		{C4CBA843-53B3-48C9-9F77-847086A0E928}.Debug|Any CPU.Build.0 = Debug|Any CPU
		{C4CBA843-53B3-48C9-9F77-847086A0E928}.Debug|x64.ActiveCfg = Debug|Any CPU
		{C4CBA843-53B3-48C9-9F77-847086A0E928}.Debug|x64.Build.0 = Debug|Any CPU
		{C4CBA843-53B3-48C9-9F77-847086A0E928}.Debug|x86.ActiveCfg = Debug|Any CPU
		{C4CBA843-53B3-48C9-9F77-847086A0E928}.Debug|x86.Build.0 = Debug|Any CPU
		{C4CBA843-53B3-48C9-9F77-847086A0E928}.Release|Any CPU.ActiveCfg = Release|Any CPU
		{C4CBA843-53B3-48C9-9F77-847086A0E928}.Release|Any CPU.Build.0 = Release|Any CPU
		{C4CBA843-53B3-48C9-9F77-847086A0E928}.Release|x64.ActiveCfg = Release|Any CPU
		{C4CBA843-53B3-48C9-9F77-847086A0E928}.Release|x64.Build.0 = Release|Any CPU
		{C4CBA843-53B3-48C9-9F77-847086A0E928}.Release|x86.ActiveCfg = Release|Any CPU
		{C4CBA843-53B3-48C9-9F77-847086A0E928}.Release|x86.Build.0 = Release|Any CPU
		{D6C41138-7E06-4F3F-A972-E2A234D73F0C}.Debug|Any CPU.ActiveCfg = Debug|Any CPU
		{D6C41138-7E06-4F3F-A972-E2A234D73F0C}.Debug|Any CPU.Build.0 = Debug|Any CPU
		{D6C41138-7E06-4F3F-A972-E2A234D73F0C}.Debug|x64.ActiveCfg = Debug|Any CPU
		{D6C41138-7E06-4F3F-A972-E2A234D73F0C}.Debug|x64.Build.0 = Debug|Any CPU
		{D6C41138-7E06-4F3F-A972-E2A234D73F0C}.Debug|x86.ActiveCfg = Debug|Any CPU
		{D6C41138-7E06-4F3F-A972-E2A234D73F0C}.Debug|x86.Build.0 = Debug|Any CPU
		{D6C41138-7E06-4F3F-A972-E2A234D73F0C}.Release|Any CPU.ActiveCfg = Release|Any CPU
		{D6C41138-7E06-4F3F-A972-E2A234D73F0C}.Release|Any CPU.Build.0 = Release|Any CPU
		{D6C41138-7E06-4F3F-A972-E2A234D73F0C}.Release|x64.ActiveCfg = Release|Any CPU
		{D6C41138-7E06-4F3F-A972-E2A234D73F0C}.Release|x64.Build.0 = Release|Any CPU
		{D6C41138-7E06-4F3F-A972-E2A234D73F0C}.Release|x86.ActiveCfg = Release|Any CPU
		{D6C41138-7E06-4F3F-A972-E2A234D73F0C}.Release|x86.Build.0 = Release|Any CPU
		{938A0F1E-04CB-4CD3-985F-1E3431C81696}.Debug|Any CPU.ActiveCfg = Debug|Any CPU
		{938A0F1E-04CB-4CD3-985F-1E3431C81696}.Debug|Any CPU.Build.0 = Debug|Any CPU
		{938A0F1E-04CB-4CD3-985F-1E3431C81696}.Debug|x64.ActiveCfg = Debug|Any CPU
		{938A0F1E-04CB-4CD3-985F-1E3431C81696}.Debug|x64.Build.0 = Debug|Any CPU
		{938A0F1E-04CB-4CD3-985F-1E3431C81696}.Debug|x86.ActiveCfg = Debug|Any CPU
		{938A0F1E-04CB-4CD3-985F-1E3431C81696}.Debug|x86.Build.0 = Debug|Any CPU
		{938A0F1E-04CB-4CD3-985F-1E3431C81696}.Release|Any CPU.ActiveCfg = Release|Any CPU
		{938A0F1E-04CB-4CD3-985F-1E3431C81696}.Release|Any CPU.Build.0 = Release|Any CPU
		{938A0F1E-04CB-4CD3-985F-1E3431C81696}.Release|x64.ActiveCfg = Release|Any CPU
		{938A0F1E-04CB-4CD3-985F-1E3431C81696}.Release|x64.Build.0 = Release|Any CPU
		{938A0F1E-04CB-4CD3-985F-1E3431C81696}.Release|x86.ActiveCfg = Release|Any CPU
		{938A0F1E-04CB-4CD3-985F-1E3431C81696}.Release|x86.Build.0 = Release|Any CPU
		{5D4E4B11-EB88-4680-9263-C64A1A850203}.Debug|Any CPU.ActiveCfg = Debug|Any CPU
		{5D4E4B11-EB88-4680-9263-C64A1A850203}.Debug|Any CPU.Build.0 = Debug|Any CPU
		{5D4E4B11-EB88-4680-9263-C64A1A850203}.Debug|x64.ActiveCfg = Debug|Any CPU
		{5D4E4B11-EB88-4680-9263-C64A1A850203}.Debug|x64.Build.0 = Debug|Any CPU
		{5D4E4B11-EB88-4680-9263-C64A1A850203}.Debug|x86.ActiveCfg = Debug|Any CPU
		{5D4E4B11-EB88-4680-9263-C64A1A850203}.Debug|x86.Build.0 = Debug|Any CPU
		{5D4E4B11-EB88-4680-9263-C64A1A850203}.Release|Any CPU.ActiveCfg = Release|Any CPU
		{5D4E4B11-EB88-4680-9263-C64A1A850203}.Release|Any CPU.Build.0 = Release|Any CPU
		{5D4E4B11-EB88-4680-9263-C64A1A850203}.Release|x64.ActiveCfg = Release|Any CPU
		{5D4E4B11-EB88-4680-9263-C64A1A850203}.Release|x64.Build.0 = Release|Any CPU
		{5D4E4B11-EB88-4680-9263-C64A1A850203}.Release|x86.ActiveCfg = Release|Any CPU
		{5D4E4B11-EB88-4680-9263-C64A1A850203}.Release|x86.Build.0 = Release|Any CPU
		{FDBE72CF-DC11-4B52-AB9B-68FB2307ED16}.Debug|Any CPU.ActiveCfg = Debug|Any CPU
		{FDBE72CF-DC11-4B52-AB9B-68FB2307ED16}.Debug|Any CPU.Build.0 = Debug|Any CPU
		{FDBE72CF-DC11-4B52-AB9B-68FB2307ED16}.Debug|x64.ActiveCfg = Debug|Any CPU
		{FDBE72CF-DC11-4B52-AB9B-68FB2307ED16}.Debug|x64.Build.0 = Debug|Any CPU
		{FDBE72CF-DC11-4B52-AB9B-68FB2307ED16}.Debug|x86.ActiveCfg = Debug|Any CPU
		{FDBE72CF-DC11-4B52-AB9B-68FB2307ED16}.Debug|x86.Build.0 = Debug|Any CPU
		{FDBE72CF-DC11-4B52-AB9B-68FB2307ED16}.Release|Any CPU.ActiveCfg = Release|Any CPU
		{FDBE72CF-DC11-4B52-AB9B-68FB2307ED16}.Release|Any CPU.Build.0 = Release|Any CPU
		{FDBE72CF-DC11-4B52-AB9B-68FB2307ED16}.Release|x64.ActiveCfg = Release|Any CPU
		{FDBE72CF-DC11-4B52-AB9B-68FB2307ED16}.Release|x64.Build.0 = Release|Any CPU
		{FDBE72CF-DC11-4B52-AB9B-68FB2307ED16}.Release|x86.ActiveCfg = Release|Any CPU
		{FDBE72CF-DC11-4B52-AB9B-68FB2307ED16}.Release|x86.Build.0 = Release|Any CPU
		{FBA391E1-D1F2-4D33-B53D-34E96FD3BDBF}.Debug|Any CPU.ActiveCfg = Debug|Any CPU
		{FBA391E1-D1F2-4D33-B53D-34E96FD3BDBF}.Debug|Any CPU.Build.0 = Debug|Any CPU
		{FBA391E1-D1F2-4D33-B53D-34E96FD3BDBF}.Debug|x64.ActiveCfg = Debug|Any CPU
		{FBA391E1-D1F2-4D33-B53D-34E96FD3BDBF}.Debug|x64.Build.0 = Debug|Any CPU
		{FBA391E1-D1F2-4D33-B53D-34E96FD3BDBF}.Debug|x86.ActiveCfg = Debug|Any CPU
		{FBA391E1-D1F2-4D33-B53D-34E96FD3BDBF}.Debug|x86.Build.0 = Debug|Any CPU
		{FBA391E1-D1F2-4D33-B53D-34E96FD3BDBF}.Release|Any CPU.ActiveCfg = Release|Any CPU
		{FBA391E1-D1F2-4D33-B53D-34E96FD3BDBF}.Release|Any CPU.Build.0 = Release|Any CPU
		{FBA391E1-D1F2-4D33-B53D-34E96FD3BDBF}.Release|x64.ActiveCfg = Release|Any CPU
		{FBA391E1-D1F2-4D33-B53D-34E96FD3BDBF}.Release|x64.Build.0 = Release|Any CPU
		{FBA391E1-D1F2-4D33-B53D-34E96FD3BDBF}.Release|x86.ActiveCfg = Release|Any CPU
		{FBA391E1-D1F2-4D33-B53D-34E96FD3BDBF}.Release|x86.Build.0 = Release|Any CPU
		{C1EBBB05-D35B-4E06-97ED-0EC876C00F3A}.Debug|Any CPU.ActiveCfg = Debug|Any CPU
		{C1EBBB05-D35B-4E06-97ED-0EC876C00F3A}.Debug|Any CPU.Build.0 = Debug|Any CPU
		{C1EBBB05-D35B-4E06-97ED-0EC876C00F3A}.Debug|x64.ActiveCfg = Debug|Any CPU
		{C1EBBB05-D35B-4E06-97ED-0EC876C00F3A}.Debug|x64.Build.0 = Debug|Any CPU
		{C1EBBB05-D35B-4E06-97ED-0EC876C00F3A}.Debug|x86.ActiveCfg = Debug|Any CPU
		{C1EBBB05-D35B-4E06-97ED-0EC876C00F3A}.Debug|x86.Build.0 = Debug|Any CPU
		{C1EBBB05-D35B-4E06-97ED-0EC876C00F3A}.Release|Any CPU.ActiveCfg = Release|Any CPU
		{C1EBBB05-D35B-4E06-97ED-0EC876C00F3A}.Release|Any CPU.Build.0 = Release|Any CPU
		{C1EBBB05-D35B-4E06-97ED-0EC876C00F3A}.Release|x64.ActiveCfg = Release|Any CPU
		{C1EBBB05-D35B-4E06-97ED-0EC876C00F3A}.Release|x64.Build.0 = Release|Any CPU
		{C1EBBB05-D35B-4E06-97ED-0EC876C00F3A}.Release|x86.ActiveCfg = Release|Any CPU
		{C1EBBB05-D35B-4E06-97ED-0EC876C00F3A}.Release|x86.Build.0 = Release|Any CPU
	EndGlobalSection
	GlobalSection(SolutionProperties) = preSolution
		HideSolutionNode = FALSE
	EndGlobalSection
	GlobalSection(NestedProjects) = preSolution
		{149F397A-9FA5-4986-8C1C-056D30DF1EF8} = {1AE8ACA6-933B-BF2A-3671-3E2EAC007D16}
		{A57B9DB2-34CA-42B4-A149-5633CBC8BA82} = {1AE8ACA6-933B-BF2A-3671-3E2EAC007D16}
		{B7CCCFDB-0C19-443C-A7B8-701EF2EFAF10} = {1AE8ACA6-933B-BF2A-3671-3E2EAC007D16}
		{98CC3E80-3A8B-4D75-9224-F4E9C7FB0545} = {1AE8ACA6-933B-BF2A-3671-3E2EAC007D16}
		{C4CBA843-53B3-48C9-9F77-847086A0E928} = {1AE8ACA6-933B-BF2A-3671-3E2EAC007D16}
		{D6C41138-7E06-4F3F-A972-E2A234D73F0C} = {1AE8ACA6-933B-BF2A-3671-3E2EAC007D16}
		{938A0F1E-04CB-4CD3-985F-1E3431C81696} = {CE609670-85B9-0D16-FB54-ED063D5D8A6D}
		{5D4E4B11-EB88-4680-9263-C64A1A850203} = {CE609670-85B9-0D16-FB54-ED063D5D8A6D}
		{FDBE72CF-DC11-4B52-AB9B-68FB2307ED16} = {42E2E040-65CB-4E3B-B083-47236724FACD}
		{FBA391E1-D1F2-4D33-B53D-34E96FD3BDBF} = {CE609670-85B9-0D16-FB54-ED063D5D8A6D}
		{C1EBBB05-D35B-4E06-97ED-0EC876C00F3A} = {CE609670-85B9-0D16-FB54-ED063D5D8A6D}
	EndGlobalSection
EndGlobal
